
Microsoft Visual Studio Solution File, Format Version 12.00
# Visual Studio Version 16
VisualStudioVersion = 16.0.29613.14
MinimumVisualStudioVersion = 10.0.40219.1
Project("{FAE04EC0-301F-11D3-BF4B-00C04F79EFBC}") = "MultistreamAudio", "MultistreamAudio\MultistreamAudio.csproj", "{4666AD5B-B305-4579-AD53-DA744098EE5E}"
EndProject
Global
	GlobalSection(SolutionConfigurationPlatforms) = preSolution
		Debug|Any CPU = Debug|Any CPU
		Release|Any CPU = Release|Any CPU
	EndGlobalSection
	GlobalSection(ProjectConfigurationPlatforms) = postSolution
		{4666AD5B-B305-4579-AD53-DA744098EE5E}.Debug|Any CPU.ActiveCfg = Debug|Any CPU
		{4666AD5B-B305-4579-AD53-DA744098EE5E}.Debug|Any CPU.Build.0 = Debug|Any CPU
		{4666AD5B-B305-4579-AD53-DA744098EE5E}.Release|Any CPU.ActiveCfg = Release|Any CPU
		{4666AD5B-B305-4579-AD53-DA744098EE5E}.Release|Any CPU.Build.0 = Release|Any CPU
	EndGlobalSection
	GlobalSection(SolutionProperties) = preSolution
		HideSolutionNode = FALSE
	EndGlobalSection
	GlobalSection(ExtensibilityGlobals) = postSolution
		SolutionGuid = {A9296071-DBA1-4475-949A-CC84810B9AC7}
	EndGlobalSection
EndGlobal
